// !$*UTF8*$!
{
	archiveVersion = 1;
	classes = {
	};
	objectVersion = 46;
	objects = {

/* Begin PBXBuildFile section */
		59DF3EE119E9CDF100A8882C /* AppDelegate.swift in Sources */ = {isa = PBXBuildFile; fileRef = 59DF3EE019E9CDF100A8882C /* AppDelegate.swift */; };
		59DF3EE319E9CDF100A8882C /* ViewController.swift in Sources */ = {isa = PBXBuildFile; fileRef = 59DF3EE219E9CDF100A8882C /* ViewController.swift */; };
		59DF3EE619E9CDF100A8882C /* Main.storyboard in Resources */ = {isa = PBXBuildFile; fileRef = 59DF3EE419E9CDF100A8882C /* Main.storyboard */; };
		59DF3EE819E9CDF100A8882C /* Images.xcassets in Resources */ = {isa = PBXBuildFile; fileRef = 59DF3EE719E9CDF100A8882C /* Images.xcassets */; };
		59DF3EEB19E9CDF100A8882C /* LaunchScreen.xib in Resources */ = {isa = PBXBuildFile; fileRef = 59DF3EE919E9CDF100A8882C /* LaunchScreen.xib */; };
		59DF3EF719E9CDF100A8882C /* TumblrTests.swift in Sources */ = {isa = PBXBuildFile; fileRef = 59DF3EF619E9CDF100A8882C /* TumblrTests.swift */; };
		59DF3F0119E9CFE400A8882C /* TabBarViewController.swift in Sources */ = {isa = PBXBuildFile; fileRef = 59DF3F0019E9CFE400A8882C /* TabBarViewController.swift */; };
		59DF3F0319E9D23600A8882C /* HomeViewController.swift in Sources */ = {isa = PBXBuildFile; fileRef = 59DF3F0219E9D23600A8882C /* HomeViewController.swift */; };
		59DF3F0519E9D42D00A8882C /* SearchViewController.swift in Sources */ = {isa = PBXBuildFile; fileRef = 59DF3F0419E9D42D00A8882C /* SearchViewController.swift */; };
		59DF3F0719E9D4EC00A8882C /* ComposeViewController.swift in Sources */ = {isa = PBXBuildFile; fileRef = 59DF3F0619E9D4EC00A8882C /* ComposeViewController.swift */; };
		59DF3F0919E9D83D00A8882C /* AccountViewController.swift in Sources */ = {isa = PBXBuildFile; fileRef = 59DF3F0819E9D83D00A8882C /* AccountViewController.swift */; };
		59DF3F0B19E9D8A400A8882C /* TrendingViewController.swift in Sources */ = {isa = PBXBuildFile; fileRef = 59DF3F0A19E9D8A400A8882C /* TrendingViewController.swift */; };
		59E1E2A819EB57BA00B2E4A2 /* LoginViewController.swift in Sources */ = {isa = PBXBuildFile; fileRef = 59E1E2A719EB57BA00B2E4A2 /* LoginViewController.swift */; };
/* End PBXBuildFile section */

/* Begin PBXContainerItemProxy section */
		59DF3EF119E9CDF100A8882C /* PBXContainerItemProxy */ = {
			isa = PBXContainerItemProxy;
			containerPortal = 59DF3ED319E9CDF100A8882C /* Project object */;
			proxyType = 1;
			remoteGlobalIDString = 59DF3EDA19E9CDF100A8882C;
			remoteInfo = Tumblr;
		};
/* End PBXContainerItemProxy section */

/* Begin PBXFileReference section */
		59DF3EDB19E9CDF100A8882C /* Tumblr.app */ = {isa = PBXFileReference; explicitFileType = wrapper.application; includeInIndex = 0; path = Tumblr.app; sourceTree = BUILT_PRODUCTS_DIR; };
		59DF3EDF19E9CDF100A8882C /* Info.plist */ = {isa = PBXFileReference; lastKnownFileType = text.plist.xml; path = Info.plist; sourceTree = "<group>"; };
		59DF3EE019E9CDF100A8882C /* AppDelegate.swift */ = {isa = PBXFileReference; lastKnownFileType = sourcecode.swift; path = AppDelegate.swift; sourceTree = "<group>"; };
		59DF3EE219E9CDF100A8882C /* ViewController.swift */ = {isa = PBXFileReference; lastKnownFileType = sourcecode.swift; path = ViewController.swift; sourceTree = "<group>"; };
		59DF3EE519E9CDF100A8882C /* Base */ = {isa = PBXFileReference; lastKnownFileType = file.storyboard; name = Base; path = Base.lproj/Main.storyboard; sourceTree = "<group>"; };
		59DF3EE719E9CDF100A8882C /* Images.xcassets */ = {isa = PBXFileReference; lastKnownFileType = folder.assetcatalog; path = Images.xcassets; sourceTree = "<group>"; };
		59DF3EEA19E9CDF100A8882C /* Base */ = {isa = PBXFileReference; lastKnownFileType = file.xib; name = Base; path = Base.lproj/LaunchScreen.xib; sourceTree = "<group>"; };
		59DF3EF019E9CDF100A8882C /* TumblrTests.xctest */ = {isa = PBXFileReference; explicitFileType = wrapper.cfbundle; includeInIndex = 0; path = TumblrTests.xctest; sourceTree = BUILT_PRODUCTS_DIR; };
		59DF3EF519E9CDF100A8882C /* Info.plist */ = {isa = PBXFileReference; lastKnownFileType = text.plist.xml; path = Info.plist; sourceTree = "<group>"; };
		59DF3EF619E9CDF100A8882C /* TumblrTests.swift */ = {isa = PBXFileReference; lastKnownFileType = sourcecode.swift; path = TumblrTests.swift; sourceTree = "<group>"; };
		59DF3F0019E9CFE400A8882C /* TabBarViewController.swift */ = {isa = PBXFileReference; fileEncoding = 4; lastKnownFileType = sourcecode.swift; path = TabBarViewController.swift; sourceTree = "<group>"; };
		59DF3F0219E9D23600A8882C /* HomeViewController.swift */ = {isa = PBXFileReference; fileEncoding = 4; lastKnownFileType = sourcecode.swift; path = HomeViewController.swift; sourceTree = "<group>"; };
		59DF3F0419E9D42D00A8882C /* SearchViewController.swift */ = {isa = PBXFileReference; fileEncoding = 4; lastKnownFileType = sourcecode.swift; path = SearchViewController.swift; sourceTree = "<group>"; };
		59DF3F0619E9D4EC00A8882C /* ComposeViewController.swift */ = {isa = PBXFileReference; fileEncoding = 4; lastKnownFileType = sourcecode.swift; path = ComposeViewController.swift; sourceTree = "<group>"; };
		59DF3F0819E9D83D00A8882C /* AccountViewController.swift */ = {isa = PBXFileReference; fileEncoding = 4; lastKnownFileType = sourcecode.swift; path = AccountViewController.swift; sourceTree = "<group>"; };
		59DF3F0A19E9D8A400A8882C /* TrendingViewController.swift */ = {isa = PBXFileReference; fileEncoding = 4; lastKnownFileType = sourcecode.swift; path = TrendingViewController.swift; sourceTree = "<group>"; };
		59E1E2A719EB57BA00B2E4A2 /* LoginViewController.swift */ = {isa = PBXFileReference; fileEncoding = 4; lastKnownFileType = sourcecode.swift; path = LoginViewController.swift; sourceTree = "<group>"; };
		59E1E2A919EB6D0700B2E4A2 /* MyPlayground.playground */ = {isa = PBXFileReference; lastKnownFileType = file.playground; path = MyPlayground.playground; sourceTree = "<group>"; };
/* End PBXFileReference section */

/* Begin PBXFrameworksBuildPhase section */
		59DF3ED819E9CDF100A8882C /* Frameworks */ = {
			isa = PBXFrameworksBuildPhase;
			buildActionMask = 2147483647;
			files = (
			);
			runOnlyForDeploymentPostprocessing = 0;
		};
		59DF3EED19E9CDF100A8882C /* Frameworks */ = {
			isa = PBXFrameworksBuildPhase;
			buildActionMask = 2147483647;
			files = (
			);
			runOnlyForDeploymentPostprocessing = 0;
		};
/* End PBXFrameworksBuildPhase section */

/* Begin PBXGroup section */
		59DF3ED219E9CDF100A8882C = {
			isa = PBXGroup;
			children = (
				59DF3EDD19E9CDF100A8882C /* Tumblr */,
				59DF3EF319E9CDF100A8882C /* TumblrTests */,
				59DF3EDC19E9CDF100A8882C /* Products */,
			);
			sourceTree = "<group>";
		};
		59DF3EDC19E9CDF100A8882C /* Products */ = {
			isa = PBXGroup;
			children = (
				59DF3EDB19E9CDF100A8882C /* Tumblr.app */,
				59DF3EF019E9CDF100A8882C /* TumblrTests.xctest */,
			);
			name = Products;
			sourceTree = "<group>";
		};
		59DF3EDD19E9CDF100A8882C /* Tumblr */ = {
			isa = PBXGroup;
			children = (
				59DF3EE019E9CDF100A8882C /* AppDelegate.swift */,
				59DF3EE219E9CDF100A8882C /* ViewController.swift */,
				59DF3EE419E9CDF100A8882C /* Main.storyboard */,
				59E1E2A919EB6D0700B2E4A2 /* MyPlayground.playground */,
				59E1E2A719EB57BA00B2E4A2 /* LoginViewController.swift */,
				59DF3F0A19E9D8A400A8882C /* TrendingViewController.swift */,
				59DF3F0819E9D83D00A8882C /* AccountViewController.swift */,
				59DF3F0619E9D4EC00A8882C /* ComposeViewController.swift */,
				59DF3F0419E9D42D00A8882C /* SearchViewController.swift */,
				59DF3F0219E9D23600A8882C /* HomeViewController.swift */,
				59DF3F0019E9CFE400A8882C /* TabBarViewController.swift */,
				59DF3EE719E9CDF100A8882C /* Images.xcassets */,
				59DF3EE919E9CDF100A8882C /* LaunchScreen.xib */,
				59DF3EDE19E9CDF100A8882C /* Supporting Files */,
			);
			path = Tumblr;
			sourceTree = "<group>";
		};
		59DF3EDE19E9CDF100A8882C /* Supporting Files */ = {
			isa = PBXGroup;
			children = (
				59DF3EDF19E9CDF100A8882C /* Info.plist */,
			);
			name = "Supporting Files";
			sourceTree = "<group>";
		};
		59DF3EF319E9CDF100A8882C /* TumblrTests */ = {
			isa = PBXGroup;
			children = (
				59DF3EF619E9CDF100A8882C /* TumblrTests.swift */,
				59DF3EF419E9CDF100A8882C /* Supporting Files */,
			);
			path = TumblrTests;
			sourceTree = "<group>";
		};
		59DF3EF419E9CDF100A8882C /* Supporting Files */ = {
			isa = PBXGroup;
			children = (
				59DF3EF519E9CDF100A8882C /* Info.plist */,
			);
			name = "Supporting Files";
			sourceTree = "<group>";
		};
/* End PBXGroup section */

/* Begin PBXNativeTarget section */
		59DF3EDA19E9CDF100A8882C /* Tumblr */ = {
			isa = PBXNativeTarget;
			buildConfigurationList = 59DF3EFA19E9CDF100A8882C /* Build configuration list for PBXNativeTarget "Tumblr" */;
			buildPhases = (
				59DF3ED719E9CDF100A8882C /* Sources */,
				59DF3ED819E9CDF100A8882C /* Frameworks */,
				59DF3ED919E9CDF100A8882C /* Resources */,
			);
			buildRules = (
			);
			dependencies = (
			);
			name = Tumblr;
			productName = Tumblr;
			productReference = 59DF3EDB19E9CDF100A8882C /* Tumblr.app */;
			productType = "com.apple.product-type.application";
		};
		59DF3EEF19E9CDF100A8882C /* TumblrTests */ = {
			isa = PBXNativeTarget;
			buildConfigurationList = 59DF3EFD19E9CDF100A8882C /* Build configuration list for PBXNativeTarget "TumblrTests" */;
			buildPhases = (
				59DF3EEC19E9CDF100A8882C /* Sources */,
				59DF3EED19E9CDF100A8882C /* Frameworks */,
				59DF3EEE19E9CDF100A8882C /* Resources */,
			);
			buildRules = (
			);
			dependencies = (
				59DF3EF219E9CDF100A8882C /* PBXTargetDependency */,
			);
			name = TumblrTests;
			productName = TumblrTests;
			productReference = 59DF3EF019E9CDF100A8882C /* TumblrTests.xctest */;
			productType = "com.apple.product-type.bundle.unit-test";
		};
/* End PBXNativeTarget section */

/* Begin PBXProject section */
		59DF3ED319E9CDF100A8882C /* Project object */ = {
			isa = PBXProject;
			attributes = {
				LastUpgradeCheck = 0600;
				ORGANIZATIONNAME = "David Bellona";
				TargetAttributes = {
					59DF3EDA19E9CDF100A8882C = {
						CreatedOnToolsVersion = 6.0;
					};
					59DF3EEF19E9CDF100A8882C = {
						CreatedOnToolsVersion = 6.0;
						TestTargetID = 59DF3EDA19E9CDF100A8882C;
					};
				};
			};
			buildConfigurationList = 59DF3ED619E9CDF100A8882C /* Build configuration list for PBXProject "Tumblr" */;
			compatibilityVersion = "Xcode 3.2";
			developmentRegion = English;
			hasScannedForEncodings = 0;
			knownRegions = (
				en,
				Base,
			);
			mainGroup = 59DF3ED219E9CDF100A8882C;
			productRefGroup = 59DF3EDC19E9CDF100A8882C /* Products */;
			projectDirPath = "";
			projectRoot = "";
			targets = (
				59DF3EDA19E9CDF100A8882C /* Tumblr */,
				59DF3EEF19E9CDF100A8882C /* TumblrTests */,
			);
		};
/* End PBXProject section */

/* Begin PBXResourcesBuildPhase section */
		59DF3ED919E9CDF100A8882C /* Resources */ = {
			isa = PBXResourcesBuildPhase;
			buildActionMask = 2147483647;
			files = (
				59DF3EE619E9CDF100A8882C /* Main.storyboard in Resources */,
				59DF3EEB19E9CDF100A8882C /* LaunchScreen.xib in Resources */,
				59DF3EE819E9CDF100A8882C /* Images.xcassets in Resources */,
			);
			runOnlyForDeploymentPostprocessing = 0;
		};
		59DF3EEE19E9CDF100A8882C /* Resources */ = {
			isa = PBXResourcesBuildPhase;
			buildActionMask = 2147483647;
			files = (
			);
			runOnlyForDeploymentPostprocessing = 0;
		};
/* End PBXResourcesBuildPhase section */

/* Begin PBXSourcesBuildPhase section */
		59DF3ED719E9CDF100A8882C /* Sources */ = {
			isa = PBXSourcesBuildPhase;
			buildActionMask = 2147483647;
			files = (
				59E1E2A819EB57BA00B2E4A2 /* LoginViewController.swift in Sources */,
				59DF3F0519E9D42D00A8882C /* SearchViewController.swift in Sources */,
				59DF3F0B19E9D8A400A8882C /* TrendingViewController.swift in Sources */,
				59DF3EE319E9CDF100A8882C /* ViewController.swift in Sources */,
				59DF3F0919E9D83D00A8882C /* AccountViewController.swift in Sources */,
				59DF3F0119E9CFE400A8882C /* TabBarViewController.swift in Sources */,
				59DF3F0719E9D4EC00A8882C /* ComposeViewController.swift in Sources */,
				59DF3EE119E9CDF100A8882C /* AppDelegate.swift in Sources */,
				59DF3F0319E9D23600A8882C /* HomeViewController.swift in Sources */,
			);
			runOnlyForDeploymentPostprocessing = 0;
		};
		59DF3EEC19E9CDF100A8882C /* Sources */ = {
			isa = PBXSourcesBuildPhase;
			buildActionMask = 2147483647;
			files = (
				59DF3EF719E9CDF100A8882C /* TumblrTests.swift in Sources */,
			);
			runOnlyForDeploymentPostprocessing = 0;
		};
/* End PBXSourcesBuildPhase section */

/* Begin PBXTargetDependency section */
		59DF3EF219E9CDF100A8882C /* PBXTargetDependency */ = {
			isa = PBXTargetDependency;
			target = 59DF3EDA19E9CDF100A8882C /* Tumblr */;
			targetProxy = 59DF3EF119E9CDF100A8882C /* PBXContainerItemProxy */;
		};
/* End PBXTargetDependency section */

/* Begin PBXVariantGroup section */
		59DF3EE419E9CDF100A8882C /* Main.storyboard */ = {
			isa = PBXVariantGroup;
			children = (
				59DF3EE519E9CDF100A8882C /* Base */,
			);
			name = Main.storyboard;
			sourceTree = "<group>";
		};
		59DF3EE919E9CDF100A8882C /* LaunchScreen.xib */ = {
			isa = PBXVariantGroup;
			children = (
				59DF3EEA19E9CDF100A8882C /* Base */,
			);
			name = LaunchScreen.xib;
			sourceTree = "<group>";
		};
/* End PBXVariantGroup section */

/* Begin XCBuildConfiguration section */
		59DF3EF819E9CDF100A8882C /* Debug */ = {
			isa = XCBuildConfiguration;
			buildSettings = {
				ALWAYS_SEARCH_USER_PATHS = NO;
				CLANG_CXX_LANGUAGE_STANDARD = "gnu++0x";
				CLANG_CXX_LIBRARY = "libc++";
				CLANG_ENABLE_MODULES = YES;
				CLANG_ENABLE_OBJC_ARC = YES;
				CLANG_WARN_BOOL_CONVERSION = YES;
				CLANG_WARN_CONSTANT_CONVERSION = YES;
				CLANG_WARN_DIRECT_OBJC_ISA_USAGE = YES_ERROR;
				CLANG_WARN_EMPTY_BODY = YES;
				CLANG_WARN_ENUM_CONVERSION = YES;
				CLANG_WARN_INT_CONVERSION = YES;
				CLANG_WARN_OBJC_ROOT_CLASS = YES_ERROR;
				CLANG_WARN_UNREACHABLE_CODE = YES;
				CLANG_WARN__DUPLICATE_METHOD_MATCH = YES;
				"CODE_SIGN_IDENTITY[sdk=iphoneos*]" = "iPhone Developer";
				COPY_PHASE_STRIP = NO;
				ENABLE_STRICT_OBJC_MSGSEND = YES;
				GCC_C_LANGUAGE_STANDARD = gnu99;
				GCC_DYNAMIC_NO_PIC = NO;
				GCC_OPTIMIZATION_LEVEL = 0;
				GCC_PREPROCESSOR_DEFINITIONS = (
					"DEBUG=1",
					"$(inherited)",
				);
				GCC_SYMBOLS_PRIVATE_EXTERN = NO;
				GCC_WARN_64_TO_32_BIT_CONVERSION = YES;
				GCC_WARN_ABOUT_RETURN_TYPE = YES_ERROR;
				GCC_WARN_UNDECLARED_SELECTOR = YES;
				GCC_WARN_UNINITIALIZED_AUTOS = YES_AGGRESSIVE;
				GCC_WARN_UNUSED_FUNCTION = YES;
				GCC_WARN_UNUSED_VARIABLE = YES;
				IPHONEOS_DEPLOYMENT_TARGET = 8.0;
				MTL_ENABLE_DEBUG_INFO = YES;
				ONLY_ACTIVE_ARCH = YES;
				SDKROOT = iphoneos;
				SWIFT_OPTIMIZATION_LEVEL = "-Onone";
			};
			name = Debug;
		};
		59DF3EF919E9CDF100A8882C /* Release */ = {
			isa = XCBuildConfiguration;
			buildSettings = {
				ALWAYS_SEARCH_USER_PATHS = NO;
				CLANG_CXX_LANGUAGE_STANDARD = "gnu++0x";
				CLANG_CXX_LIBRARY = "libc++";
				CLANG_ENABLE_MODULES = YES;
				CLANG_ENABLE_OBJC_ARC = YES;
				CLANG_WARN_BOOL_CONVERSION = YES;
				CLANG_WARN_CONSTANT_CONVERSION = YES;
				CLANG_WARN_DIRECT_OBJC_ISA_USAGE = YES_ERROR;
				CLANG_WARN_EMPTY_BODY = YES;
				CLANG_WARN_ENUM_CONVERSION = YES;
				CLANG_WARN_INT_CONVERSION = YES;
				CLANG_WARN_OBJC_ROOT_CLASS = YES_ERROR;
				CLANG_WARN_UNREACHABLE_CODE = YES;
				CLANG_WARN__DUPLICATE_METHOD_MATCH = YES;
				"CODE_SIGN_IDENTITY[sdk=iphoneos*]" = "iPhone Developer";
				COPY_PHASE_STRIP = YES;
				ENABLE_NS_ASSERTIONS = NO;
				ENABLE_STRICT_OBJC_MSGSEND = YES;
				GCC_C_LANGUAGE_STANDARD = gnu99;
				GCC_WARN_64_TO_32_BIT_CONVERSION = YES;
				GCC_WARN_ABOUT_RETURN_TYPE = YES_ERROR;
				GCC_WARN_UNDECLARED_SELECTOR = YES;
				GCC_WARN_UNINITIALIZED_AUTOS = YES_AGGRESSIVE;
				GCC_WARN_UNUSED_FUNCTION = YES;
				GCC_WARN_UNUSED_VARIABLE = YES;
				IPHONEOS_DEPLOYMENT_TARGET = 8.0;
				MTL_ENABLE_DEBUG_INFO = NO;
				SDKROOT = iphoneos;
				VALIDATE_PRODUCT = YES;
			};
			name = Release;
		};
		59DF3EFB19E9CDF100A8882C /* Debug */ = {
			isa = XCBuildConfiguration;
			buildSettings = {
				ASSETCATALOG_COMPILER_APPICON_NAME = AppIcon;
				INFOPLIST_FILE = Tumblr/Info.plist;
				LD_RUNPATH_SEARCH_PATHS = "$(inherited) @executable_path/Frameworks";
				PRODUCT_NAME = "$(TARGET_NAME)";
			};
			name = Debug;
		};
		59DF3EFC19E9CDF100A8882C /* Release */ = {
			isa = XCBuildConfiguration;
			buildSettings = {
				ASSETCATALOG_COMPILER_APPICON_NAME = AppIcon;
				INFOPLIST_FILE = Tumblr/Info.plist;
				LD_RUNPATH_SEARCH_PATHS = "$(inherited) @executable_path/Frameworks";
				PRODUCT_NAME = "$(TARGET_NAME)";
			};
			name = Release;
		};
		59DF3EFE19E9CDF100A8882C /* Debug */ = {
			isa = XCBuildConfiguration;
			buildSettings = {
				BUNDLE_LOADER = "$(TEST_HOST)";
				FRAMEWORK_SEARCH_PATHS = (
					"$(SDKROOT)/Developer/Library/Frameworks",
					"$(inherited)",
				);
				GCC_PREPROCESSOR_DEFINITIONS = (
					"DEBUG=1",
					"$(inherited)",
				);
				INFOPLIST_FILE = TumblrTests/Info.plist;
				LD_RUNPATH_SEARCH_PATHS = "$(inherited) @executable_path/Frameworks @loader_path/Frameworks";
				PRODUCT_NAME = "$(TARGET_NAME)";
				TEST_HOST = "$(BUILT_PRODUCTS_DIR)/Tumblr.app/Tumblr";
			};
			name = Debug;
		};
		59DF3EFF19E9CDF100A8882C /* Release */ = {
			isa = XCBuildConfiguration;
			buildSettings = {
				BUNDLE_LOADER = "$(TEST_HOST)";
				FRAMEWORK_SEARCH_PATHS = (
					"$(SDKROOT)/Developer/Library/Frameworks",
					"$(inherited)",
				);
				INFOPLIST_FILE = TumblrTests/Info.plist;
				LD_RUNPATH_SEARCH_PATHS = "$(inherited) @executable_path/Frameworks @loader_path/Frameworks";
				PRODUCT_NAME = "$(TARGET_NAME)";
				TEST_HOST = "$(BUILT_PRODUCTS_DIR)/Tumblr.app/Tumblr";
			};
			name = Release;
		};
/* End XCBuildConfiguration section */

/* Begin XCConfigurationList section */
		59DF3ED619E9CDF100A8882C /* Build configuration list for PBXProject "Tumblr" */ = {
			isa = XCConfigurationList;
			buildConfigurations = (
				59DF3EF819E9CDF100A8882C /* Debug */,
				59DF3EF919E9CDF100A8882C /* Release */,
			);
			defaultConfigurationIsVisible = 0;
			defaultConfigurationName = Release;
		};
		59DF3EFA19E9CDF100A8882C /* Build configuration list for PBXNativeTarget "Tumblr" */ = {
			isa = XCConfigurationList;
			buildConfigurations = (
				59DF3EFB19E9CDF100A8882C /* Debug */,
				59DF3EFC19E9CDF100A8882C /* Release */,
			);
			defaultConfigurationIsVisible = 0;
			defaultConfigurationName = Release;
		};
		59DF3EFD19E9CDF100A8882C /* Build configuration list for PBXNativeTarget "TumblrTests" */ = {
			isa = XCConfigurationList;
			buildConfigurations = (
				59DF3EFE19E9CDF100A8882C /* Debug */,
				59DF3EFF19E9CDF100A8882C /* Release */,
			);
			defaultConfigurationIsVisible = 0;
			defaultConfigurationName = Release;
		};
/* End XCConfigurationList section */
	};
	rootObject = 59DF3ED319E9CDF100A8882C /* Project object */;
}
